
Microsoft Visual Studio Solution File, Format Version 12.00
# Visual Studio 15
VisualStudioVersion = 15.0.27703.2026
MinimumVisualStudioVersion = 10.0.40219.1
Project("{FAE04EC0-301F-11D3-BF4B-00C04F79EFBC}") = "Problem4", "Problem4\Problem4.csproj", "{C5B33DB7-2DB7-458C-8D6D-352AFCC400C7}"
EndProject
Global
	GlobalSection(SolutionConfigurationPlatforms) = preSolution
		Debug|Any CPU = Debug|Any CPU
		Release|Any CPU = Release|Any CPU
	EndGlobalSection
	GlobalSection(ProjectConfigurationPlatforms) = postSolution
		{C5B33DB7-2DB7-458C-8D6D-352AFCC400C7}.Debug|Any CPU.ActiveCfg = Debug|Any CPU
		{C5B33DB7-2DB7-458C-8D6D-352AFCC400C7}.Debug|Any CPU.Build.0 = Debug|Any CPU
		{C5B33DB7-2DB7-458C-8D6D-352AFCC400C7}.Release|Any CPU.ActiveCfg = Release|Any CPU
		{C5B33DB7-2DB7-458C-8D6D-352AFCC400C7}.Release|Any CPU.Build.0 = Release|Any CPU
	EndGlobalSection
	GlobalSection(SolutionProperties) = preSolution
		HideSolutionNode = FALSE
	EndGlobalSection
	GlobalSection(ExtensibilityGlobals) = postSolution
		SolutionGuid = {5F902EBF-0CC8-42CC-9ADA-C228B93E8F75}
	EndGlobalSection
EndGlobal
