
Microsoft Visual Studio Solution File, Format Version 12.00
# Visual Studio 15
VisualStudioVersion = 15.0.27703.2026
MinimumVisualStudioVersion = 10.0.40219.1
Project("{FAE04EC0-301F-11D3-BF4B-00C04F79EFBC}") = "Problem3", "Problem3\Problem3.csproj", "{1B9BF194-A56B-4C49-AB7F-3DDD6FEABCEF}"
EndProject
Project("{FAE04EC0-301F-11D3-BF4B-00C04F79EFBC}") = "Problem4", "Problem4\Problem4.csproj", "{3A2D27A5-C355-47EC-9C6D-29E32D5BE5C1}"
EndProject
Global
	GlobalSection(SolutionConfigurationPlatforms) = preSolution
		Debug|Any CPU = Debug|Any CPU
		Release|Any CPU = Release|Any CPU
	EndGlobalSection
	GlobalSection(ProjectConfigurationPlatforms) = postSolution
		{1B9BF194-A56B-4C49-AB7F-3DDD6FEABCEF}.Debug|Any CPU.ActiveCfg = Debug|Any CPU
		{1B9BF194-A56B-4C49-AB7F-3DDD6FEABCEF}.Debug|Any CPU.Build.0 = Debug|Any CPU
		{1B9BF194-A56B-4C49-AB7F-3DDD6FEABCEF}.Release|Any CPU.ActiveCfg = Release|Any CPU
		{1B9BF194-A56B-4C49-AB7F-3DDD6FEABCEF}.Release|Any CPU.Build.0 = Release|Any CPU
		{3A2D27A5-C355-47EC-9C6D-29E32D5BE5C1}.Debug|Any CPU.ActiveCfg = Debug|Any CPU
		{3A2D27A5-C355-47EC-9C6D-29E32D5BE5C1}.Debug|Any CPU.Build.0 = Debug|Any CPU
		{3A2D27A5-C355-47EC-9C6D-29E32D5BE5C1}.Release|Any CPU.ActiveCfg = Release|Any CPU
		{3A2D27A5-C355-47EC-9C6D-29E32D5BE5C1}.Release|Any CPU.Build.0 = Release|Any CPU
	EndGlobalSection
	GlobalSection(SolutionProperties) = preSolution
		HideSolutionNode = FALSE
	EndGlobalSection
	GlobalSection(ExtensibilityGlobals) = postSolution
		SolutionGuid = {8D0BB0B9-DFB6-4694-9A0C-B3F8AEFBE21D}
	EndGlobalSection
EndGlobal
