
Microsoft Visual Studio Solution File, Format Version 12.00
# Visual Studio 15
VisualStudioVersion = 15.0.27703.2026
MinimumVisualStudioVersion = 10.0.40219.1
Project("{FAE04EC0-301F-11D3-BF4B-00C04F79EFBC}") = "Problem10", "Problem10\Problem10.csproj", "{1DA48022-9946-4B38-B4EE-D5C0A8B87952}"
EndProject
Global
	GlobalSection(SolutionConfigurationPlatforms) = preSolution
		Debug|Any CPU = Debug|Any CPU
		Release|Any CPU = Release|Any CPU
	EndGlobalSection
	GlobalSection(ProjectConfigurationPlatforms) = postSolution
		{1DA48022-9946-4B38-B4EE-D5C0A8B87952}.Debug|Any CPU.ActiveCfg = Debug|Any CPU
		{1DA48022-9946-4B38-B4EE-D5C0A8B87952}.Debug|Any CPU.Build.0 = Debug|Any CPU
		{1DA48022-9946-4B38-B4EE-D5C0A8B87952}.Release|Any CPU.ActiveCfg = Release|Any CPU
		{1DA48022-9946-4B38-B4EE-D5C0A8B87952}.Release|Any CPU.Build.0 = Release|Any CPU
	EndGlobalSection
	GlobalSection(SolutionProperties) = preSolution
		HideSolutionNode = FALSE
	EndGlobalSection
	GlobalSection(ExtensibilityGlobals) = postSolution
		SolutionGuid = {FA34B6B2-DDBE-44C4-86F3-2CA60E526511}
	EndGlobalSection
EndGlobal
